
Microsoft Visual Studio Solution File, Format Version 12.00
# Visual Studio 15
VisualStudioVersion = 15.0.28307.1738
MinimumVisualStudioVersion = 10.0.40219.1
Project("{FAE04EC0-301F-11D3-BF4B-00C04F79EFBC}") = "llamadaMDIBancos(Cheques)", "llamadaMDIBancos(Cheques)\llamadaMDIBancos(Cheques).csproj", "{1BF7E235-F62E-4D48-8E0A-37CA9BDBEC98}"
EndProject
Project("{54435603-DBB4-11D2-8724-00A0C9A8B90C}") = "IntaladorBancos(GeneraciónCheques)", "IntaladorBancos(GeneraciónCheques)\IntaladorBancos(GeneraciónCheques).vdproj", "{DE0AA7C8-9135-4AB2-8053-C7232E945EB3}"
EndProject
Global
	GlobalSection(SolutionConfigurationPlatforms) = preSolution
		Debug|Any CPU = Debug|Any CPU
		Release|Any CPU = Release|Any CPU
	EndGlobalSection
	GlobalSection(ProjectConfigurationPlatforms) = postSolution
		{1BF7E235-F62E-4D48-8E0A-37CA9BDBEC98}.Debug|Any CPU.ActiveCfg = Debug|Any CPU
		{1BF7E235-F62E-4D48-8E0A-37CA9BDBEC98}.Debug|Any CPU.Build.0 = Debug|Any CPU
		{1BF7E235-F62E-4D48-8E0A-37CA9BDBEC98}.Release|Any CPU.ActiveCfg = Release|Any CPU
		{1BF7E235-F62E-4D48-8E0A-37CA9BDBEC98}.Release|Any CPU.Build.0 = Release|Any CPU
		{DE0AA7C8-9135-4AB2-8053-C7232E945EB3}.Debug|Any CPU.ActiveCfg = Debug
		{DE0AA7C8-9135-4AB2-8053-C7232E945EB3}.Release|Any CPU.ActiveCfg = Release
	EndGlobalSection
	GlobalSection(SolutionProperties) = preSolution
		HideSolutionNode = FALSE
	EndGlobalSection
	GlobalSection(ExtensibilityGlobals) = postSolution
		SolutionGuid = {45DE9D51-F105-4114-902B-0DFD2D9C8776}
	EndGlobalSection
EndGlobal
